
Microsoft Visual Studio Solution File, Format Version 12.00
# Visual Studio 15
VisualStudioVersion = 15.0.27703.2035
MinimumVisualStudioVersion = 10.0.40219.1
Project("{8BC9CEB8-8B4A-11D0-8D11-00A0C91BC942}") = "CLog", "CLog.vcxproj", "{2766F17E-0172-4200-A3D2-CF70C458D5F7}"
	ProjectSection(ProjectDependencies) = postProject
		{C1FB6660-D8F6-41DA-AB3E-26546FC59AC0} = {C1FB6660-D8F6-41DA-AB3E-26546FC59AC0}
	EndProjectSection
EndProject
Project("{8BC9CEB8-8B4A-11D0-8D11-00A0C91BC942}") = "CSAutoLock", "..\CSAutoLock\CSAutoLock.vcxproj", "{C1FB6660-D8F6-41DA-AB3E-26546FC59AC0}"
EndProject
Global
	GlobalSection(SolutionConfigurationPlatforms) = preSolution
		Debug|x64 = Debug|x64
		Debug|x86 = Debug|x86
		Release|x64 = Release|x64
		Release|x86 = Release|x86
	EndGlobalSection
	GlobalSection(ProjectConfigurationPlatforms) = postSolution
		{2766F17E-0172-4200-A3D2-CF70C458D5F7}.Debug|x64.ActiveCfg = Debug|x64
		{2766F17E-0172-4200-A3D2-CF70C458D5F7}.Debug|x64.Build.0 = Debug|x64
		{2766F17E-0172-4200-A3D2-CF70C458D5F7}.Debug|x86.ActiveCfg = Debug|Win32
		{2766F17E-0172-4200-A3D2-CF70C458D5F7}.Debug|x86.Build.0 = Debug|Win32
		{2766F17E-0172-4200-A3D2-CF70C458D5F7}.Release|x64.ActiveCfg = Release|x64
		{2766F17E-0172-4200-A3D2-CF70C458D5F7}.Release|x64.Build.0 = Release|x64
		{2766F17E-0172-4200-A3D2-CF70C458D5F7}.Release|x86.ActiveCfg = Release|Win32
		{2766F17E-0172-4200-A3D2-CF70C458D5F7}.Release|x86.Build.0 = Release|Win32
		{C1FB6660-D8F6-41DA-AB3E-26546FC59AC0}.Debug|x64.ActiveCfg = Debug|x64
		{C1FB6660-D8F6-41DA-AB3E-26546FC59AC0}.Debug|x64.Build.0 = Debug|x64
		{C1FB6660-D8F6-41DA-AB3E-26546FC59AC0}.Debug|x86.ActiveCfg = Debug|Win32
		{C1FB6660-D8F6-41DA-AB3E-26546FC59AC0}.Debug|x86.Build.0 = Debug|Win32
		{C1FB6660-D8F6-41DA-AB3E-26546FC59AC0}.Release|x64.ActiveCfg = Release|x64
		{C1FB6660-D8F6-41DA-AB3E-26546FC59AC0}.Release|x64.Build.0 = Release|x64
		{C1FB6660-D8F6-41DA-AB3E-26546FC59AC0}.Release|x86.ActiveCfg = Release|Win32
		{C1FB6660-D8F6-41DA-AB3E-26546FC59AC0}.Release|x86.Build.0 = Release|Win32
	EndGlobalSection
	GlobalSection(SolutionProperties) = preSolution
		HideSolutionNode = FALSE
	EndGlobalSection
	GlobalSection(ExtensibilityGlobals) = postSolution
		SolutionGuid = {9D430A0E-512D-4538-ADBB-C03D7C6005FE}
	EndGlobalSection
EndGlobal
